// !$*UTF8*$!
{
	archiveVersion = 1;
	classes = {
	};
	objectVersion = 48;
	objects = {

/* Begin PBXBuildFile section */
		836CB18D1FEB417B00BAFE70 /* AppDelegate.swift in Sources */ = {isa = PBXBuildFile; fileRef = 836CB18C1FEB417B00BAFE70 /* AppDelegate.swift */; };
		836CB18F1FEB417B00BAFE70 /* ViewController.swift in Sources */ = {isa = PBXBuildFile; fileRef = 836CB18E1FEB417B00BAFE70 /* ViewController.swift */; };
		836CB1921FEB417B00BAFE70 /* Main.storyboard in Resources */ = {isa = PBXBuildFile; fileRef = 836CB1901FEB417B00BAFE70 /* Main.storyboard */; };
		836CB1941FEB417B00BAFE70 /* Assets.xcassets in Resources */ = {isa = PBXBuildFile; fileRef = 836CB1931FEB417B00BAFE70 /* Assets.xcassets */; };
		836CB1971FEB417B00BAFE70 /* LaunchScreen.storyboard in Resources */ = {isa = PBXBuildFile; fileRef = 836CB1951FEB417B00BAFE70 /* LaunchScreen.storyboard */; };
		836CB1A21FEB54AF00BAFE70 /* InfoPlist.strings in Resources */ = {isa = PBXBuildFile; fileRef = 836CB1A41FEB54AF00BAFE70 /* InfoPlist.strings */; };
		836CB1A71FEB54AF00BAFE70 /* Localizable.strings in Resources */ = {isa = PBXBuildFile; fileRef = 836CB1A91FEB54AF00BAFE70 /* Localizable.strings */; };
/* End PBXBuildFile section */

/* Begin PBXFileReference section */
		836CB1891FEB417B00BAFE70 /* LocalizedString.app */ = {isa = PBXFileReference; explicitFileType = wrapper.application; includeInIndex = 0; path = LocalizedString.app; sourceTree = BUILT_PRODUCTS_DIR; };
		836CB18C1FEB417B00BAFE70 /* AppDelegate.swift */ = {isa = PBXFileReference; lastKnownFileType = sourcecode.swift; path = AppDelegate.swift; sourceTree = "<group>"; };
		836CB18E1FEB417B00BAFE70 /* ViewController.swift */ = {isa = PBXFileReference; lastKnownFileType = sourcecode.swift; path = ViewController.swift; sourceTree = "<group>"; };
		836CB1911FEB417B00BAFE70 /* Base */ = {isa = PBXFileReference; lastKnownFileType = file.storyboard; name = Base; path = Base.lproj/Main.storyboard; sourceTree = "<group>"; };
		836CB1931FEB417B00BAFE70 /* Assets.xcassets */ = {isa = PBXFileReference; lastKnownFileType = folder.assetcatalog; path = Assets.xcassets; sourceTree = "<group>"; };
		836CB1961FEB417B00BAFE70 /* Base */ = {isa = PBXFileReference; lastKnownFileType = file.storyboard; name = Base; path = Base.lproj/LaunchScreen.storyboard; sourceTree = "<group>"; };
		836CB1981FEB417B00BAFE70 /* Info.plist */ = {isa = PBXFileReference; lastKnownFileType = text.plist.xml; path = Info.plist; sourceTree = "<group>"; };
		836CB19F1FEB54AE00BAFE70 /* zh-Hant */ = {isa = PBXFileReference; lastKnownFileType = text.plist.strings; name = "zh-Hant"; path = "zh-Hant.lproj/Main.strings"; sourceTree = "<group>"; };
		836CB1A31FEB54AF00BAFE70 /* zh-Hant */ = {isa = PBXFileReference; lastKnownFileType = text.plist.strings; name = "zh-Hant"; path = "zh-Hant.lproj/InfoPlist.strings"; sourceTree = "<group>"; };
		836CB1A81FEB54AF00BAFE70 /* zh-Hant */ = {isa = PBXFileReference; lastKnownFileType = text.plist.strings; name = "zh-Hant"; path = "zh-Hant.lproj/Localizable.strings"; sourceTree = "<group>"; };
		836CB1AA1FEB54AF00BAFE70 /* zh-Hant */ = {isa = PBXFileReference; lastKnownFileType = text.plist.strings; name = "zh-Hant"; path = "zh-Hant.lproj/LaunchScreen.strings"; sourceTree = "<group>"; };
/* End PBXFileReference section */

/* Begin PBXFrameworksBuildPhase section */
		836CB1861FEB417B00BAFE70 /* Frameworks */ = {
			isa = PBXFrameworksBuildPhase;
			buildActionMask = 2147483647;
			files = (
			);
			runOnlyForDeploymentPostprocessing = 0;
		};
/* End PBXFrameworksBuildPhase section */

/* Begin PBXGroup section */
		836CB1801FEB417A00BAFE70 = {
			isa = PBXGroup;
			children = (
				836CB18B1FEB417B00BAFE70 /* LocalizedString */,
				836CB18A1FEB417B00BAFE70 /* Products */,
			);
			sourceTree = "<group>";
		};
		836CB18A1FEB417B00BAFE70 /* Products */ = {
			isa = PBXGroup;
			children = (
				836CB1891FEB417B00BAFE70 /* LocalizedString.app */,
			);
			name = Products;
			sourceTree = "<group>";
		};
		836CB18B1FEB417B00BAFE70 /* LocalizedString */ = {
			isa = PBXGroup;
			children = (
				836CB18E1FEB417B00BAFE70 /* ViewController.swift */,
				836CB1901FEB417B00BAFE70 /* Main.storyboard */,
				836CB19E1FEB418200BAFE70 /* Supporting File */,
			);
			path = LocalizedString;
			sourceTree = "<group>";
		};
		836CB19E1FEB418200BAFE70 /* Supporting File */ = {
			isa = PBXGroup;
			children = (
				836CB1A91FEB54AF00BAFE70 /* Localizable.strings */,
				836CB1A41FEB54AF00BAFE70 /* InfoPlist.strings */,
				836CB18C1FEB417B00BAFE70 /* AppDelegate.swift */,
				836CB1931FEB417B00BAFE70 /* Assets.xcassets */,
				836CB1951FEB417B00BAFE70 /* LaunchScreen.storyboard */,
				836CB1981FEB417B00BAFE70 /* Info.plist */,
			);
			name = "Supporting File";
			sourceTree = "<group>";
		};
/* End PBXGroup section */

/* Begin PBXNativeTarget section */
		836CB1881FEB417B00BAFE70 /* LocalizedString */ = {
			isa = PBXNativeTarget;
			buildConfigurationList = 836CB19B1FEB417B00BAFE70 /* Build configuration list for PBXNativeTarget "LocalizedString" */;
			buildPhases = (
				836CB1851FEB417A00BAFE70 /* Sources */,
				836CB1861FEB417B00BAFE70 /* Frameworks */,
				836CB1871FEB417B00BAFE70 /* Resources */,
			);
			buildRules = (
			);
			dependencies = (
			);
			name = LocalizedString;
			productName = LocalizedString;
			productReference = 836CB1891FEB417B00BAFE70 /* LocalizedString.app */;
			productType = "com.apple.product-type.application";
		};
/* End PBXNativeTarget section */

/* Begin PBXProject section */
		836CB1811FEB417A00BAFE70 /* Project object */ = {
			isa = PBXProject;
			attributes = {
				LastSwiftUpdateCheck = 0920;
				LastUpgradeCheck = 0920;
				ORGANIZATIONNAME = "蔡松樺";
				TargetAttributes = {
					836CB1881FEB417B00BAFE70 = {
						CreatedOnToolsVersion = 9.2;
						ProvisioningStyle = Automatic;
					};
				};
			};
			buildConfigurationList = 836CB1841FEB417A00BAFE70 /* Build configuration list for PBXProject "LocalizedString" */;
			compatibilityVersion = "Xcode 8.0";
			developmentRegion = en;
			hasScannedForEncodings = 0;
			knownRegions = (
				en,
				Base,
			);
			mainGroup = 836CB1801FEB417A00BAFE70;
			productRefGroup = 836CB18A1FEB417B00BAFE70 /* Products */;
			projectDirPath = "";
			projectRoot = "";
			targets = (
				836CB1881FEB417B00BAFE70 /* LocalizedString */,
			);
		};
/* End PBXProject section */

/* Begin PBXResourcesBuildPhase section */
		836CB1871FEB417B00BAFE70 /* Resources */ = {
			isa = PBXResourcesBuildPhase;
			buildActionMask = 2147483647;
			files = (
				836CB1A71FEB54AF00BAFE70 /* Localizable.strings in Resources */,
				836CB1971FEB417B00BAFE70 /* LaunchScreen.storyboard in Resources */,
				836CB1A21FEB54AF00BAFE70 /* InfoPlist.strings in Resources */,
				836CB1941FEB417B00BAFE70 /* Assets.xcassets in Resources */,
				836CB1921FEB417B00BAFE70 /* Main.storyboard in Resources */,
			);
			runOnlyForDeploymentPostprocessing = 0;
		};
/* End PBXResourcesBuildPhase section */

/* Begin PBXSourcesBuildPhase section */
		836CB1851FEB417A00BAFE70 /* Sources */ = {
			isa = PBXSourcesBuildPhase;
			buildActionMask = 2147483647;
			files = (
				836CB18F1FEB417B00BAFE70 /* ViewController.swift in Sources */,
				836CB18D1FEB417B00BAFE70 /* AppDelegate.swift in Sources */,
			);
			runOnlyForDeploymentPostprocessing = 0;
		};
/* End PBXSourcesBuildPhase section */

/* Begin PBXVariantGroup section */
		836CB1901FEB417B00BAFE70 /* Main.storyboard */ = {
			isa = PBXVariantGroup;
			children = (
				836CB1911FEB417B00BAFE70 /* Base */,
				836CB19F1FEB54AE00BAFE70 /* zh-Hant */,
			);
			name = Main.storyboard;
			sourceTree = "<group>";
		};
		836CB1951FEB417B00BAFE70 /* LaunchScreen.storyboard */ = {
			isa = PBXVariantGroup;
			children = (
				836CB1961FEB417B00BAFE70 /* Base */,
				836CB1AA1FEB54AF00BAFE70 /* zh-Hant */,
			);
			name = LaunchScreen.storyboard;
			sourceTree = "<group>";
		};
		836CB1A41FEB54AF00BAFE70 /* InfoPlist.strings */ = {
			isa = PBXVariantGroup;
			children = (
				836CB1A31FEB54AF00BAFE70 /* zh-Hant */,
			);
			name = InfoPlist.strings;
			sourceTree = "<group>";
		};
		836CB1A91FEB54AF00BAFE70 /* Localizable.strings */ = {
			isa = PBXVariantGroup;
			children = (
				836CB1A81FEB54AF00BAFE70 /* zh-Hant */,
			);
			name = Localizable.strings;
			sourceTree = "<group>";
		};
/* End PBXVariantGroup section */

/* Begin XCBuildConfiguration section */
		836CB1991FEB417B00BAFE70 /* Debug */ = {
			isa = XCBuildConfiguration;
			buildSettings = {
				ALWAYS_SEARCH_USER_PATHS = NO;
				CLANG_ANALYZER_NONNULL = YES;
				CLANG_ANALYZER_NUMBER_OBJECT_CONVERSION = YES_AGGRESSIVE;
				CLANG_CXX_LANGUAGE_STANDARD = "gnu++14";
				CLANG_CXX_LIBRARY = "libc++";
				CLANG_ENABLE_MODULES = YES;
				CLANG_ENABLE_OBJC_ARC = YES;
				CLANG_WARN_BLOCK_CAPTURE_AUTORELEASING = YES;
				CLANG_WARN_BOOL_CONVERSION = YES;
				CLANG_WARN_COMMA = YES;
				CLANG_WARN_CONSTANT_CONVERSION = YES;
				CLANG_WARN_DIRECT_OBJC_ISA_USAGE = YES_ERROR;
				CLANG_WARN_DOCUMENTATION_COMMENTS = YES;
				CLANG_WARN_EMPTY_BODY = YES;
				CLANG_WARN_ENUM_CONVERSION = YES;
				CLANG_WARN_INFINITE_RECURSION = YES;
				CLANG_WARN_INT_CONVERSION = YES;
				CLANG_WARN_NON_LITERAL_NULL_CONVERSION = YES;
				CLANG_WARN_OBJC_LITERAL_CONVERSION = YES;
				CLANG_WARN_OBJC_ROOT_CLASS = YES_ERROR;
				CLANG_WARN_RANGE_LOOP_ANALYSIS = YES;
				CLANG_WARN_STRICT_PROTOTYPES = YES;
				CLANG_WARN_SUSPICIOUS_MOVE = YES;
				CLANG_WARN_UNGUARDED_AVAILABILITY = YES_AGGRESSIVE;
				CLANG_WARN_UNREACHABLE_CODE = YES;
				CLANG_WARN__DUPLICATE_METHOD_MATCH = YES;
				CODE_SIGN_IDENTITY = "iPhone Developer";
				COPY_PHASE_STRIP = NO;
				DEBUG_INFORMATION_FORMAT = dwarf;
				ENABLE_STRICT_OBJC_MSGSEND = YES;
				ENABLE_TESTABILITY = YES;
				GCC_C_LANGUAGE_STANDARD = gnu11;
				GCC_DYNAMIC_NO_PIC = NO;
				GCC_NO_COMMON_BLOCKS = YES;
				GCC_OPTIMIZATION_LEVEL = 0;
				GCC_PREPROCESSOR_DEFINITIONS = (
					"DEBUG=1",
					"$(inherited)",
				);
				GCC_WARN_64_TO_32_BIT_CONVERSION = YES;
				GCC_WARN_ABOUT_RETURN_TYPE = YES_ERROR;
				GCC_WARN_UNDECLARED_SELECTOR = YES;
				GCC_WARN_UNINITIALIZED_AUTOS = YES_AGGRESSIVE;
				GCC_WARN_UNUSED_FUNCTION = YES;
				GCC_WARN_UNUSED_VARIABLE = YES;
				IPHONEOS_DEPLOYMENT_TARGET = 11.2;
				MTL_ENABLE_DEBUG_INFO = YES;
				ONLY_ACTIVE_ARCH = YES;
				SDKROOT = iphoneos;
				SWIFT_ACTIVE_COMPILATION_CONDITIONS = DEBUG;
				SWIFT_OPTIMIZATION_LEVEL = "-Onone";
			};
			name = Debug;
		};
		836CB19A1FEB417B00BAFE70 /* Release */ = {
			isa = XCBuildConfiguration;
			buildSettings = {
				ALWAYS_SEARCH_USER_PATHS = NO;
				CLANG_ANALYZER_NONNULL = YES;
				CLANG_ANALYZER_NUMBER_OBJECT_CONVERSION = YES_AGGRESSIVE;
				CLANG_CXX_LANGUAGE_STANDARD = "gnu++14";
				CLANG_CXX_LIBRARY = "libc++";
				CLANG_ENABLE_MODULES = YES;
				CLANG_ENABLE_OBJC_ARC = YES;
				CLANG_WARN_BLOCK_CAPTURE_AUTORELEASING = YES;
				CLANG_WARN_BOOL_CONVERSION = YES;
				CLANG_WARN_COMMA = YES;
				CLANG_WARN_CONSTANT_CONVERSION = YES;
				CLANG_WARN_DIRECT_OBJC_ISA_USAGE = YES_ERROR;
				CLANG_WARN_DOCUMENTATION_COMMENTS = YES;
				CLANG_WARN_EMPTY_BODY = YES;
				CLANG_WARN_ENUM_CONVERSION = YES;
				CLANG_WARN_INFINITE_RECURSION = YES;
				CLANG_WARN_INT_CONVERSION = YES;
				CLANG_WARN_NON_LITERAL_NULL_CONVERSION = YES;
				CLANG_WARN_OBJC_LITERAL_CONVERSION = YES;
				CLANG_WARN_OBJC_ROOT_CLASS = YES_ERROR;
				CLANG_WARN_RANGE_LOOP_ANALYSIS = YES;
				CLANG_WARN_STRICT_PROTOTYPES = YES;
				CLANG_WARN_SUSPICIOUS_MOVE = YES;
				CLANG_WARN_UNGUARDED_AVAILABILITY = YES_AGGRESSIVE;
				CLANG_WARN_UNREACHABLE_CODE = YES;
				CLANG_WARN__DUPLICATE_METHOD_MATCH = YES;
				CODE_SIGN_IDENTITY = "iPhone Developer";
				COPY_PHASE_STRIP = NO;
				DEBUG_INFORMATION_FORMAT = "dwarf-with-dsym";
				ENABLE_NS_ASSERTIONS = NO;
				ENABLE_STRICT_OBJC_MSGSEND = YES;
				GCC_C_LANGUAGE_STANDARD = gnu11;
				GCC_NO_COMMON_BLOCKS = YES;
				GCC_WARN_64_TO_32_BIT_CONVERSION = YES;
				GCC_WARN_ABOUT_RETURN_TYPE = YES_ERROR;
				GCC_WARN_UNDECLARED_SELECTOR = YES;
				GCC_WARN_UNINITIALIZED_AUTOS = YES_AGGRESSIVE;
				GCC_WARN_UNUSED_FUNCTION = YES;
				GCC_WARN_UNUSED_VARIABLE = YES;
				IPHONEOS_DEPLOYMENT_TARGET = 11.2;
				MTL_ENABLE_DEBUG_INFO = NO;
				SDKROOT = iphoneos;
				SWIFT_OPTIMIZATION_LEVEL = "-Owholemodule";
				VALIDATE_PRODUCT = YES;
			};
			name = Release;
		};
		836CB19C1FEB417B00BAFE70 /* Debug */ = {
			isa = XCBuildConfiguration;
			buildSettings = {
				ASSETCATALOG_COMPILER_APPICON_NAME = AppIcon;
				CODE_SIGN_STYLE = Automatic;
				DEVELOPMENT_TEAM = WBP36FYXZL;
				INFOPLIST_FILE = LocalizedString/Info.plist;
				LD_RUNPATH_SEARCH_PATHS = "$(inherited) @executable_path/Frameworks";
				PRODUCT_BUNDLE_IDENTIFIER = Personal.Russell.LocalizedString;
				PRODUCT_NAME = "$(TARGET_NAME)";
				SWIFT_VERSION = 4.0;
				TARGETED_DEVICE_FAMILY = "1,2";
			};
			name = Debug;
		};
		836CB19D1FEB417B00BAFE70 /* Release */ = {
			isa = XCBuildConfiguration;
			buildSettings = {
				ASSETCATALOG_COMPILER_APPICON_NAME = AppIcon;
				CODE_SIGN_STYLE = Automatic;
				DEVELOPMENT_TEAM = WBP36FYXZL;
				INFOPLIST_FILE = LocalizedString/Info.plist;
				LD_RUNPATH_SEARCH_PATHS = "$(inherited) @executable_path/Frameworks";
				PRODUCT_BUNDLE_IDENTIFIER = Personal.Russell.LocalizedString;
				PRODUCT_NAME = "$(TARGET_NAME)";
				SWIFT_VERSION = 4.0;
				TARGETED_DEVICE_FAMILY = "1,2";
			};
			name = Release;
		};
/* End XCBuildConfiguration section */

/* Begin XCConfigurationList section */
		836CB1841FEB417A00BAFE70 /* Build configuration list for PBXProject "LocalizedString" */ = {
			isa = XCConfigurationList;
			buildConfigurations = (
				836CB1991FEB417B00BAFE70 /* Debug */,
				836CB19A1FEB417B00BAFE70 /* Release */,
			);
			defaultConfigurationIsVisible = 0;
			defaultConfigurationName = Release;
		};
		836CB19B1FEB417B00BAFE70 /* Build configuration list for PBXNativeTarget "LocalizedString" */ = {
			isa = XCConfigurationList;
			buildConfigurations = (
				836CB19C1FEB417B00BAFE70 /* Debug */,
				836CB19D1FEB417B00BAFE70 /* Release */,
			);
			defaultConfigurationIsVisible = 0;
			defaultConfigurationName = Release;
		};
/* End XCConfigurationList section */
	};
	rootObject = 836CB1811FEB417A00BAFE70 /* Project object */;
}
